
Microsoft Visual Studio Solution File, Format Version 12.00
# Visual Studio 15
VisualStudioVersion = 15.0.26730.15
MinimumVisualStudioVersion = 10.0.40219.1
Project("{9A19103F-16F7-4668-BE54-9A1E7A4F7556}") = "Date", "Michael\Types\Date\Date.csproj", "{99350D21-AA2B-4ED1-9F0E-FCD5DF029A12}"
EndProject
Project("{9A19103F-16F7-4668-BE54-9A1E7A4F7556}") = "DateUnitTests", "Michael\Types\UnitTests\DateUnitTests.csproj", "{306DA60D-0497-463B-9173-5B18B446445D}"
EndProject
Project("{2150E333-8FDC-42A3-9474-1A3956D46DE8}") = "Michael", "Michael", "{5AA40231-8E77-4533-A6F9-C58277153582}"
EndProject
Project("{2150E333-8FDC-42A3-9474-1A3956D46DE8}") = "Types", "Types", "{B4A68CD8-D603-4C05-A67B-99ADFA411C6E}"
EndProject
Project("{2150E333-8FDC-42A3-9474-1A3956D46DE8}") = "Solution Items", "Solution Items", "{D6893D20-81AD-46E3-B0CD-93EBE42CCC9F}"
	ProjectSection(SolutionItems) = preProject
		License.txt = License.txt
	EndProjectSection
EndProject
Project("{FAE04EC0-301F-11D3-BF4B-00C04F79EFBC}") = "HumanReadableDateUnitTests", "HumanReadableDateUnitTests\HumanReadableDateUnitTests.csproj", "{18431AD9-DC37-4E5D-9158-E5BC7C2D9E42}"
EndProject
Global
	GlobalSection(SolutionConfigurationPlatforms) = preSolution
		Debug|Any CPU = Debug|Any CPU
		Release|Any CPU = Release|Any CPU
	EndGlobalSection
	GlobalSection(ProjectConfigurationPlatforms) = postSolution
		{99350D21-AA2B-4ED1-9F0E-FCD5DF029A12}.Debug|Any CPU.ActiveCfg = Debug|Any CPU
		{99350D21-AA2B-4ED1-9F0E-FCD5DF029A12}.Debug|Any CPU.Build.0 = Debug|Any CPU
		{99350D21-AA2B-4ED1-9F0E-FCD5DF029A12}.Release|Any CPU.ActiveCfg = Release|Any CPU
		{99350D21-AA2B-4ED1-9F0E-FCD5DF029A12}.Release|Any CPU.Build.0 = Release|Any CPU
		{306DA60D-0497-463B-9173-5B18B446445D}.Debug|Any CPU.ActiveCfg = Debug|Any CPU
		{306DA60D-0497-463B-9173-5B18B446445D}.Debug|Any CPU.Build.0 = Debug|Any CPU
		{306DA60D-0497-463B-9173-5B18B446445D}.Release|Any CPU.ActiveCfg = Release|Any CPU
		{306DA60D-0497-463B-9173-5B18B446445D}.Release|Any CPU.Build.0 = Release|Any CPU
		{18431AD9-DC37-4E5D-9158-E5BC7C2D9E42}.Debug|Any CPU.ActiveCfg = Debug|Any CPU
		{18431AD9-DC37-4E5D-9158-E5BC7C2D9E42}.Debug|Any CPU.Build.0 = Debug|Any CPU
		{18431AD9-DC37-4E5D-9158-E5BC7C2D9E42}.Release|Any CPU.ActiveCfg = Release|Any CPU
		{18431AD9-DC37-4E5D-9158-E5BC7C2D9E42}.Release|Any CPU.Build.0 = Release|Any CPU
	EndGlobalSection
	GlobalSection(SolutionProperties) = preSolution
		HideSolutionNode = FALSE
	EndGlobalSection
	GlobalSection(NestedProjects) = preSolution
		{99350D21-AA2B-4ED1-9F0E-FCD5DF029A12} = {B4A68CD8-D603-4C05-A67B-99ADFA411C6E}
		{306DA60D-0497-463B-9173-5B18B446445D} = {B4A68CD8-D603-4C05-A67B-99ADFA411C6E}
		{B4A68CD8-D603-4C05-A67B-99ADFA411C6E} = {5AA40231-8E77-4533-A6F9-C58277153582}
		{18431AD9-DC37-4E5D-9158-E5BC7C2D9E42} = {B4A68CD8-D603-4C05-A67B-99ADFA411C6E}
	EndGlobalSection
	GlobalSection(ExtensibilityGlobals) = postSolution
		SolutionGuid = {747AC210-0FA2-43A1-87BF-25AAF7B4C769}
	EndGlobalSection
EndGlobal
